
Microsoft Visual Studio Solution File, Format Version 12.00
# Visual Studio Version 17
VisualStudioVersion = 17.4.33110.190
MinimumVisualStudioVersion = 10.0.40219.1
Project("{9A19103F-16F7-4668-BE54-9A1E7A4F7556}") = "ProductService", "ProductService\ProductService.csproj", "{6F6749FC-E234-4FCD-9E21-09A1928D21D0}"
EndProject
Project("{FAE04EC0-301F-11D3-BF4B-00C04F79EFBC}") = "APIGateway", "APIGateway\APIGateway.csproj", "{AF252950-BFDF-44EF-BDAF-7C63FBEFCB4B}"
EndProject
Global
	GlobalSection(SolutionConfigurationPlatforms) = preSolution
		Debug|Any CPU = Debug|Any CPU
		Release|Any CPU = Release|Any CPU
	EndGlobalSection
	GlobalSection(ProjectConfigurationPlatforms) = postSolution
		{6F6749FC-E234-4FCD-9E21-09A1928D21D0}.Debug|Any CPU.ActiveCfg = Debug|Any CPU
		{6F6749FC-E234-4FCD-9E21-09A1928D21D0}.Debug|Any CPU.Build.0 = Debug|Any CPU
		{6F6749FC-E234-4FCD-9E21-09A1928D21D0}.Release|Any CPU.ActiveCfg = Release|Any CPU
		{6F6749FC-E234-4FCD-9E21-09A1928D21D0}.Release|Any CPU.Build.0 = Release|Any CPU
		{AF252950-BFDF-44EF-BDAF-7C63FBEFCB4B}.Debug|Any CPU.ActiveCfg = Debug|Any CPU
		{AF252950-BFDF-44EF-BDAF-7C63FBEFCB4B}.Debug|Any CPU.Build.0 = Debug|Any CPU
		{AF252950-BFDF-44EF-BDAF-7C63FBEFCB4B}.Release|Any CPU.ActiveCfg = Release|Any CPU
		{AF252950-BFDF-44EF-BDAF-7C63FBEFCB4B}.Release|Any CPU.Build.0 = Release|Any CPU
	EndGlobalSection
	GlobalSection(SolutionProperties) = preSolution
		HideSolutionNode = FALSE
	EndGlobalSection
	GlobalSection(ExtensibilityGlobals) = postSolution
		SolutionGuid = {D254FBB1-E89B-4620-92FF-5B994904424F}
	EndGlobalSection
EndGlobal
